// !$*UTF8*$!
{
	archiveVersion = 1;
	classes = {
	};
	objectVersion = 50;
	objects = {

/* Begin PBXBuildFile section */
		CD4B3E3025EE5DB6008825F3 /* EmojiCollectionViewCell.swift in Sources */ = {isa = PBXBuildFile; fileRef = CD4B3E2F25EE5DB6008825F3 /* EmojiCollectionViewCell.swift */; };
		CD4B3E3325EFF91A008825F3 /* TextFieldCollectionViewCell.swift in Sources */ = {isa = PBXBuildFile; fileRef = CD4B3E3225EFF91A008825F3 /* TextFieldCollectionViewCell.swift */; };
		CD4B3E3625F2099A008825F3 /* EmojiArt.swift in Sources */ = {isa = PBXBuildFile; fileRef = CD4B3E3525F2099A008825F3 /* EmojiArt.swift */; };
		CD598BD725EBECE6008527F2 /* EmojiArtDocumentTableViewController.swift in Sources */ = {isa = PBXBuildFile; fileRef = CD598BD625EBECE6008527F2 /* EmojiArtDocumentTableViewController.swift */; };
		CDA43FA225EBA3DB00481C7C /* AppDelegate.swift in Sources */ = {isa = PBXBuildFile; fileRef = CDA43FA125EBA3DB00481C7C /* AppDelegate.swift */; };
		CDA43FA425EBA3DB00481C7C /* SceneDelegate.swift in Sources */ = {isa = PBXBuildFile; fileRef = CDA43FA325EBA3DB00481C7C /* SceneDelegate.swift */; };
		CDA43FA925EBA3DB00481C7C /* Main.storyboard in Resources */ = {isa = PBXBuildFile; fileRef = CDA43FA725EBA3DB00481C7C /* Main.storyboard */; };
		CDA43FAB25EBA3DE00481C7C /* Assets.xcassets in Resources */ = {isa = PBXBuildFile; fileRef = CDA43FAA25EBA3DE00481C7C /* Assets.xcassets */; };
		CDA43FAE25EBA3DE00481C7C /* LaunchScreen.storyboard in Resources */ = {isa = PBXBuildFile; fileRef = CDA43FAC25EBA3DE00481C7C /* LaunchScreen.storyboard */; };
		CDA43FB925EBA42900481C7C /* Utilities.swift in Sources */ = {isa = PBXBuildFile; fileRef = CDA43FB825EBA42900481C7C /* Utilities.swift */; };
		CDA43FBD25EBA4FE00481C7C /* EmojiArtViewController.swift in Sources */ = {isa = PBXBuildFile; fileRef = CDA43FBC25EBA4FE00481C7C /* EmojiArtViewController.swift */; };
		CDA43FC025EBA73400481C7C /* EmojiArtView.swift in Sources */ = {isa = PBXBuildFile; fileRef = CDA43FBF25EBA73400481C7C /* EmojiArtView.swift */; };
/* End PBXBuildFile section */

/* Begin PBXFileReference section */
		CD4B3E2F25EE5DB6008825F3 /* EmojiCollectionViewCell.swift */ = {isa = PBXFileReference; lastKnownFileType = sourcecode.swift; path = EmojiCollectionViewCell.swift; sourceTree = "<group>"; };
		CD4B3E3225EFF91A008825F3 /* TextFieldCollectionViewCell.swift */ = {isa = PBXFileReference; lastKnownFileType = sourcecode.swift; path = TextFieldCollectionViewCell.swift; sourceTree = "<group>"; };
		CD4B3E3525F2099A008825F3 /* EmojiArt.swift */ = {isa = PBXFileReference; lastKnownFileType = sourcecode.swift; path = EmojiArt.swift; sourceTree = "<group>"; };
		CD598BD625EBECE6008527F2 /* EmojiArtDocumentTableViewController.swift */ = {isa = PBXFileReference; lastKnownFileType = sourcecode.swift; path = EmojiArtDocumentTableViewController.swift; sourceTree = "<group>"; };
		CDA43F9E25EBA3DB00481C7C /* EmojiArt.app */ = {isa = PBXFileReference; explicitFileType = wrapper.application; includeInIndex = 0; path = EmojiArt.app; sourceTree = BUILT_PRODUCTS_DIR; };
		CDA43FA125EBA3DB00481C7C /* AppDelegate.swift */ = {isa = PBXFileReference; lastKnownFileType = sourcecode.swift; path = AppDelegate.swift; sourceTree = "<group>"; };
		CDA43FA325EBA3DB00481C7C /* SceneDelegate.swift */ = {isa = PBXFileReference; lastKnownFileType = sourcecode.swift; path = SceneDelegate.swift; sourceTree = "<group>"; };
		CDA43FA825EBA3DB00481C7C /* Base */ = {isa = PBXFileReference; lastKnownFileType = file.storyboard; name = Base; path = Base.lproj/Main.storyboard; sourceTree = "<group>"; };
		CDA43FAA25EBA3DE00481C7C /* Assets.xcassets */ = {isa = PBXFileReference; lastKnownFileType = folder.assetcatalog; path = Assets.xcassets; sourceTree = "<group>"; };
		CDA43FAD25EBA3DE00481C7C /* Base */ = {isa = PBXFileReference; lastKnownFileType = file.storyboard; name = Base; path = Base.lproj/LaunchScreen.storyboard; sourceTree = "<group>"; };
		CDA43FAF25EBA3DE00481C7C /* Info.plist */ = {isa = PBXFileReference; lastKnownFileType = text.plist.xml; path = Info.plist; sourceTree = "<group>"; };
		CDA43FB825EBA42900481C7C /* Utilities.swift */ = {isa = PBXFileReference; lastKnownFileType = sourcecode.swift; path = Utilities.swift; sourceTree = "<group>"; };
		CDA43FBC25EBA4FE00481C7C /* EmojiArtViewController.swift */ = {isa = PBXFileReference; lastKnownFileType = sourcecode.swift; path = EmojiArtViewController.swift; sourceTree = "<group>"; };
		CDA43FBF25EBA73400481C7C /* EmojiArtView.swift */ = {isa = PBXFileReference; lastKnownFileType = sourcecode.swift; path = EmojiArtView.swift; sourceTree = "<group>"; };
/* End PBXFileReference section */

/* Begin PBXFrameworksBuildPhase section */
		CDA43F9B25EBA3DB00481C7C /* Frameworks */ = {
			isa = PBXFrameworksBuildPhase;
			buildActionMask = 2147483647;
			files = (
			);
			runOnlyForDeploymentPostprocessing = 0;
		};
/* End PBXFrameworksBuildPhase section */

/* Begin PBXGroup section */
		CDA43F9525EBA3DA00481C7C = {
			isa = PBXGroup;
			children = (
				CDA43FA025EBA3DB00481C7C /* EmojiArt */,
				CDA43F9F25EBA3DB00481C7C /* Products */,
			);
			sourceTree = "<group>";
		};
		CDA43F9F25EBA3DB00481C7C /* Products */ = {
			isa = PBXGroup;
			children = (
				CDA43F9E25EBA3DB00481C7C /* EmojiArt.app */,
			);
			name = Products;
			sourceTree = "<group>";
		};
		CDA43FA025EBA3DB00481C7C /* EmojiArt */ = {
			isa = PBXGroup;
			children = (
				CDA43FB625EBA3F800481C7C /* Supporting Files */,
				CDA43FA725EBA3DB00481C7C /* Main.storyboard */,
				CDA43FAF25EBA3DE00481C7C /* Info.plist */,
				CDA43FB825EBA42900481C7C /* Utilities.swift */,
				CDA43FBC25EBA4FE00481C7C /* EmojiArtViewController.swift */,
				CD4B3E3525F2099A008825F3 /* EmojiArt.swift */,
				CDA43FBF25EBA73400481C7C /* EmojiArtView.swift */,
				CD598BD625EBECE6008527F2 /* EmojiArtDocumentTableViewController.swift */,
				CD4B3E2F25EE5DB6008825F3 /* EmojiCollectionViewCell.swift */,
				CD4B3E3225EFF91A008825F3 /* TextFieldCollectionViewCell.swift */,
			);
			path = EmojiArt;
			sourceTree = "<group>";
		};
		CDA43FB625EBA3F800481C7C /* Supporting Files */ = {
			isa = PBXGroup;
			children = (
				CDA43FA125EBA3DB00481C7C /* AppDelegate.swift */,
				CDA43FA325EBA3DB00481C7C /* SceneDelegate.swift */,
				CDA43FAA25EBA3DE00481C7C /* Assets.xcassets */,
				CDA43FAC25EBA3DE00481C7C /* LaunchScreen.storyboard */,
			);
			path = "Supporting Files";
			sourceTree = "<group>";
		};
/* End PBXGroup section */

/* Begin PBXNativeTarget section */
		CDA43F9D25EBA3DB00481C7C /* EmojiArt */ = {
			isa = PBXNativeTarget;
			buildConfigurationList = CDA43FB225EBA3DE00481C7C /* Build configuration list for PBXNativeTarget "EmojiArt" */;
			buildPhases = (
				CDA43F9A25EBA3DB00481C7C /* Sources */,
				CDA43F9B25EBA3DB00481C7C /* Frameworks */,
				CDA43F9C25EBA3DB00481C7C /* Resources */,
			);
			buildRules = (
			);
			dependencies = (
			);
			name = EmojiArt;
			productName = EmojiArt;
			productReference = CDA43F9E25EBA3DB00481C7C /* EmojiArt.app */;
			productType = "com.apple.product-type.application";
		};
/* End PBXNativeTarget section */

/* Begin PBXProject section */
		CDA43F9625EBA3DA00481C7C /* Project object */ = {
			isa = PBXProject;
			attributes = {
				LastSwiftUpdateCheck = 1230;
				LastUpgradeCheck = 1230;
				TargetAttributes = {
					CDA43F9D25EBA3DB00481C7C = {
						CreatedOnToolsVersion = 12.3;
					};
				};
			};
			buildConfigurationList = CDA43F9925EBA3DA00481C7C /* Build configuration list for PBXProject "EmojiArt" */;
			compatibilityVersion = "Xcode 9.3";
			developmentRegion = en;
			hasScannedForEncodings = 0;
			knownRegions = (
				en,
				Base,
			);
			mainGroup = CDA43F9525EBA3DA00481C7C;
			productRefGroup = CDA43F9F25EBA3DB00481C7C /* Products */;
			projectDirPath = "";
			projectRoot = "";
			targets = (
				CDA43F9D25EBA3DB00481C7C /* EmojiArt */,
			);
		};
/* End PBXProject section */

/* Begin PBXResourcesBuildPhase section */
		CDA43F9C25EBA3DB00481C7C /* Resources */ = {
			isa = PBXResourcesBuildPhase;
			buildActionMask = 2147483647;
			files = (
				CDA43FAE25EBA3DE00481C7C /* LaunchScreen.storyboard in Resources */,
				CDA43FAB25EBA3DE00481C7C /* Assets.xcassets in Resources */,
				CDA43FA925EBA3DB00481C7C /* Main.storyboard in Resources */,
			);
			runOnlyForDeploymentPostprocessing = 0;
		};
/* End PBXResourcesBuildPhase section */

/* Begin PBXSourcesBuildPhase section */
		CDA43F9A25EBA3DB00481C7C /* Sources */ = {
			isa = PBXSourcesBuildPhase;
			buildActionMask = 2147483647;
			files = (
				CD4B3E3625F2099A008825F3 /* EmojiArt.swift in Sources */,
				CD4B3E3025EE5DB6008825F3 /* EmojiCollectionViewCell.swift in Sources */,
				CDA43FA225EBA3DB00481C7C /* AppDelegate.swift in Sources */,
				CD598BD725EBECE6008527F2 /* EmojiArtDocumentTableViewController.swift in Sources */,
				CDA43FC025EBA73400481C7C /* EmojiArtView.swift in Sources */,
				CD4B3E3325EFF91A008825F3 /* TextFieldCollectionViewCell.swift in Sources */,
				CDA43FBD25EBA4FE00481C7C /* EmojiArtViewController.swift in Sources */,
				CDA43FB925EBA42900481C7C /* Utilities.swift in Sources */,
				CDA43FA425EBA3DB00481C7C /* SceneDelegate.swift in Sources */,
			);
			runOnlyForDeploymentPostprocessing = 0;
		};
/* End PBXSourcesBuildPhase section */

/* Begin PBXVariantGroup section */
		CDA43FA725EBA3DB00481C7C /* Main.storyboard */ = {
			isa = PBXVariantGroup;
			children = (
				CDA43FA825EBA3DB00481C7C /* Base */,
			);
			name = Main.storyboard;
			sourceTree = "<group>";
		};
		CDA43FAC25EBA3DE00481C7C /* LaunchScreen.storyboard */ = {
			isa = PBXVariantGroup;
			children = (
				CDA43FAD25EBA3DE00481C7C /* Base */,
			);
			name = LaunchScreen.storyboard;
			sourceTree = "<group>";
		};
/* End PBXVariantGroup section */

/* Begin XCBuildConfiguration section */
		CDA43FB025EBA3DE00481C7C /* Debug */ = {
			isa = XCBuildConfiguration;
			buildSettings = {
				ALWAYS_SEARCH_USER_PATHS = NO;
				CLANG_ANALYZER_NONNULL = YES;
				CLANG_ANALYZER_NUMBER_OBJECT_CONVERSION = YES_AGGRESSIVE;
				CLANG_CXX_LANGUAGE_STANDARD = "gnu++14";
				CLANG_CXX_LIBRARY = "libc++";
				CLANG_ENABLE_MODULES = YES;
				CLANG_ENABLE_OBJC_ARC = YES;
				CLANG_ENABLE_OBJC_WEAK = YES;
				CLANG_WARN_BLOCK_CAPTURE_AUTORELEASING = YES;
				CLANG_WARN_BOOL_CONVERSION = YES;
				CLANG_WARN_COMMA = YES;
				CLANG_WARN_CONSTANT_CONVERSION = YES;
				CLANG_WARN_DEPRECATED_OBJC_IMPLEMENTATIONS = YES;
				CLANG_WARN_DIRECT_OBJC_ISA_USAGE = YES_ERROR;
				CLANG_WARN_DOCUMENTATION_COMMENTS = YES;
				CLANG_WARN_EMPTY_BODY = YES;
				CLANG_WARN_ENUM_CONVERSION = YES;
				CLANG_WARN_INFINITE_RECURSION = YES;
				CLANG_WARN_INT_CONVERSION = YES;
				CLANG_WARN_NON_LITERAL_NULL_CONVERSION = YES;
				CLANG_WARN_OBJC_IMPLICIT_RETAIN_SELF = YES;
				CLANG_WARN_OBJC_LITERAL_CONVERSION = YES;
				CLANG_WARN_OBJC_ROOT_CLASS = YES_ERROR;
				CLANG_WARN_QUOTED_INCLUDE_IN_FRAMEWORK_HEADER = YES;
				CLANG_WARN_RANGE_LOOP_ANALYSIS = YES;
				CLANG_WARN_STRICT_PROTOTYPES = YES;
				CLANG_WARN_SUSPICIOUS_MOVE = YES;
				CLANG_WARN_UNGUARDED_AVAILABILITY = YES_AGGRESSIVE;
				CLANG_WARN_UNREACHABLE_CODE = YES;
				CLANG_WARN__DUPLICATE_METHOD_MATCH = YES;
				COPY_PHASE_STRIP = NO;
				DEBUG_INFORMATION_FORMAT = dwarf;
				ENABLE_STRICT_OBJC_MSGSEND = YES;
				ENABLE_TESTABILITY = YES;
				GCC_C_LANGUAGE_STANDARD = gnu11;
				GCC_DYNAMIC_NO_PIC = NO;
				GCC_NO_COMMON_BLOCKS = YES;
				GCC_OPTIMIZATION_LEVEL = 0;
				GCC_PREPROCESSOR_DEFINITIONS = (
					"DEBUG=1",
					"$(inherited)",
				);
				GCC_WARN_64_TO_32_BIT_CONVERSION = YES;
				GCC_WARN_ABOUT_RETURN_TYPE = YES_ERROR;
				GCC_WARN_UNDECLARED_SELECTOR = YES;
				GCC_WARN_UNINITIALIZED_AUTOS = YES_AGGRESSIVE;
				GCC_WARN_UNUSED_FUNCTION = YES;
				GCC_WARN_UNUSED_VARIABLE = YES;
				IPHONEOS_DEPLOYMENT_TARGET = 14.3;
				MTL_ENABLE_DEBUG_INFO = INCLUDE_SOURCE;
				MTL_FAST_MATH = YES;
				ONLY_ACTIVE_ARCH = YES;
				SDKROOT = iphoneos;
				SWIFT_ACTIVE_COMPILATION_CONDITIONS = DEBUG;
				SWIFT_OPTIMIZATION_LEVEL = "-Onone";
			};
			name = Debug;
		};
		CDA43FB125EBA3DE00481C7C /* Release */ = {
			isa = XCBuildConfiguration;
			buildSettings = {
				ALWAYS_SEARCH_USER_PATHS = NO;
				CLANG_ANALYZER_NONNULL = YES;
				CLANG_ANALYZER_NUMBER_OBJECT_CONVERSION = YES_AGGRESSIVE;
				CLANG_CXX_LANGUAGE_STANDARD = "gnu++14";
				CLANG_CXX_LIBRARY = "libc++";
				CLANG_ENABLE_MODULES = YES;
				CLANG_ENABLE_OBJC_ARC = YES;
				CLANG_ENABLE_OBJC_WEAK = YES;
				CLANG_WARN_BLOCK_CAPTURE_AUTORELEASING = YES;
				CLANG_WARN_BOOL_CONVERSION = YES;
				CLANG_WARN_COMMA = YES;
				CLANG_WARN_CONSTANT_CONVERSION = YES;
				CLANG_WARN_DEPRECATED_OBJC_IMPLEMENTATIONS = YES;
				CLANG_WARN_DIRECT_OBJC_ISA_USAGE = YES_ERROR;
				CLANG_WARN_DOCUMENTATION_COMMENTS = YES;
				CLANG_WARN_EMPTY_BODY = YES;
				CLANG_WARN_ENUM_CONVERSION = YES;
				CLANG_WARN_INFINITE_RECURSION = YES;
				CLANG_WARN_INT_CONVERSION = YES;
				CLANG_WARN_NON_LITERAL_NULL_CONVERSION = YES;
				CLANG_WARN_OBJC_IMPLICIT_RETAIN_SELF = YES;
				CLANG_WARN_OBJC_LITERAL_CONVERSION = YES;
				CLANG_WARN_OBJC_ROOT_CLASS = YES_ERROR;
				CLANG_WARN_QUOTED_INCLUDE_IN_FRAMEWORK_HEADER = YES;
				CLANG_WARN_RANGE_LOOP_ANALYSIS = YES;
				CLANG_WARN_STRICT_PROTOTYPES = YES;
				CLANG_WARN_SUSPICIOUS_MOVE = YES;
				CLANG_WARN_UNGUARDED_AVAILABILITY = YES_AGGRESSIVE;
				CLANG_WARN_UNREACHABLE_CODE = YES;
				CLANG_WARN__DUPLICATE_METHOD_MATCH = YES;
				COPY_PHASE_STRIP = NO;
				DEBUG_INFORMATION_FORMAT = "dwarf-with-dsym";
				ENABLE_NS_ASSERTIONS = NO;
				ENABLE_STRICT_OBJC_MSGSEND = YES;
				GCC_C_LANGUAGE_STANDARD = gnu11;
				GCC_NO_COMMON_BLOCKS = YES;
				GCC_WARN_64_TO_32_BIT_CONVERSION = YES;
				GCC_WARN_ABOUT_RETURN_TYPE = YES_ERROR;
				GCC_WARN_UNDECLARED_SELECTOR = YES;
				GCC_WARN_UNINITIALIZED_AUTOS = YES_AGGRESSIVE;
				GCC_WARN_UNUSED_FUNCTION = YES;
				GCC_WARN_UNUSED_VARIABLE = YES;
				IPHONEOS_DEPLOYMENT_TARGET = 14.3;
				MTL_ENABLE_DEBUG_INFO = NO;
				MTL_FAST_MATH = YES;
				SDKROOT = iphoneos;
				SWIFT_COMPILATION_MODE = wholemodule;
				SWIFT_OPTIMIZATION_LEVEL = "-O";
				VALIDATE_PRODUCT = YES;
			};
			name = Release;
		};
		CDA43FB325EBA3DE00481C7C /* Debug */ = {
			isa = XCBuildConfiguration;
			buildSettings = {
				ASSETCATALOG_COMPILER_APPICON_NAME = AppIcon;
				ASSETCATALOG_COMPILER_GLOBAL_ACCENT_COLOR_NAME = AccentColor;
				CODE_SIGN_STYLE = Automatic;
				DEVELOPMENT_TEAM = N46XW8YVJ8;
				INFOPLIST_FILE = EmojiArt/Info.plist;
				LD_RUNPATH_SEARCH_PATHS = (
					"$(inherited)",
					"@executable_path/Frameworks",
				);
				PRODUCT_BUNDLE_IDENTIFIER = parkhomava.julia.EmojiArt;
				PRODUCT_NAME = "$(TARGET_NAME)";
				SWIFT_VERSION = 5.0;
				TARGETED_DEVICE_FAMILY = "1,2";
			};
			name = Debug;
		};
		CDA43FB425EBA3DE00481C7C /* Release */ = {
			isa = XCBuildConfiguration;
			buildSettings = {
				ASSETCATALOG_COMPILER_APPICON_NAME = AppIcon;
				ASSETCATALOG_COMPILER_GLOBAL_ACCENT_COLOR_NAME = AccentColor;
				CODE_SIGN_STYLE = Automatic;
				DEVELOPMENT_TEAM = N46XW8YVJ8;
				INFOPLIST_FILE = EmojiArt/Info.plist;
				LD_RUNPATH_SEARCH_PATHS = (
					"$(inherited)",
					"@executable_path/Frameworks",
				);
				PRODUCT_BUNDLE_IDENTIFIER = parkhomava.julia.EmojiArt;
				PRODUCT_NAME = "$(TARGET_NAME)";
				SWIFT_VERSION = 5.0;
				TARGETED_DEVICE_FAMILY = "1,2";
			};
			name = Release;
		};
/* End XCBuildConfiguration section */

/* Begin XCConfigurationList section */
		CDA43F9925EBA3DA00481C7C /* Build configuration list for PBXProject "EmojiArt" */ = {
			isa = XCConfigurationList;
			buildConfigurations = (
				CDA43FB025EBA3DE00481C7C /* Debug */,
				CDA43FB125EBA3DE00481C7C /* Release */,
			);
			defaultConfigurationIsVisible = 0;
			defaultConfigurationName = Release;
		};
		CDA43FB225EBA3DE00481C7C /* Build configuration list for PBXNativeTarget "EmojiArt" */ = {
			isa = XCConfigurationList;
			buildConfigurations = (
				CDA43FB325EBA3DE00481C7C /* Debug */,
				CDA43FB425EBA3DE00481C7C /* Release */,
			);
			defaultConfigurationIsVisible = 0;
			defaultConfigurationName = Release;
		};
/* End XCConfigurationList section */
	};
	rootObject = CDA43F9625EBA3DA00481C7C /* Project object */;
}
